Microsoft Visual Studio Solution File, Format Version 12.00
# Visual Studio Version 17
VisualStudioVersion = 17.1.32104.313
MinimumVisualStudioVersion = 10.0.40219.1
Project("{2150E333-8FDC-42A3-9474-1A3956D46DE8}") = "src", "src", "{29624DB0-1EDA-40A0-A4C3-033203CB356D}"
EndProject
Project("{2150E333-8FDC-42A3-9474-1A3956D46DE8}") = "_", "_", "{6D2110A7-DAAA-4831-812F-BE9D87D868A8}"
	ProjectSection(SolutionItems) = preProject
		.editorconfig = .editorconfig
		.gitattributes = .gitattributes
		.gitignore = .gitignore
		Directory.Build.props = Directory.Build.props
		.config\dotnet-tools.json = .config\dotnet-tools.json
		global.json = global.json
		LICENSE.txt = LICENSE.txt
		NuGet.config = NuGet.config
		version.json = version.json
	EndProjectSection
EndProject
Project("{2150E333-8FDC-42A3-9474-1A3956D46DE8}") = "20_Core", "20_Core", "{49D8533A-ECA3-4271-A63E-E4826EBCC133}"
EndProject
Project("{2150E333-8FDC-42A3-9474-1A3956D46DE8}") = "70_Runtimes", "70_Runtimes", "{19BC7D0C-E16A-4696-981F-A3653E59827A}"
EndProject
Project("{2150E333-8FDC-42A3-9474-1A3956D46DE8}") = "90_Apps", "90_Apps", "{43848634-8C02-4E88-B578-F0470D89C15F}"
EndProject
Project("{2150E333-8FDC-42A3-9474-1A3956D46DE8}") = "00_Common", "00_Common", "{B0263D69-2544-43EC-8199-7F28436B1009}"
EndProject
Project("{2150E333-8FDC-42A3-9474-1A3956D46DE8}") = "50_Features", "50_Features", "{33DFA42C-EBE2-4132-B2B9-96B1D9226F45}"
EndProject
Project("{2150E333-8FDC-42A3-9474-1A3956D46DE8}") = "51_Features_Tenants", "51_Features_Tenants", "{AFA173BF-3D35-4275-B12E-7D7DD043A73F}"
EndProject
Project("{2150E333-8FDC-42A3-9474-1A3956D46DE8}") = "22_Database", "22_Database", "{954CF493-CF0F-4BBA-81CA-33AC7C977CC5}"
EndProject
Project("{2150E333-8FDC-42A3-9474-1A3956D46DE8}") = "40_Engine", "40_Engine", "{14753EFB-19C8-4425-AAE7-3B016D2239C2}"
EndProject
Project("{9A19103F-16F7-4668-BE54-9A1E7A4F7556}") = "AspNetCore", "src\AspNetCore\AspNetCore.csproj", "{410B1AE3-DA4B-4D75-A58C-859CD41E603B}"
EndProject
Project("{9A19103F-16F7-4668-BE54-9A1E7A4F7556}") = "AspNetCore.Monitoring", "src\AspNetCore.Monitoring\AspNetCore.Monitoring.csproj", "{4AD5D67F-87FF-40AE-9674-C356EFE90234}"
EndProject
Project("{9A19103F-16F7-4668-BE54-9A1E7A4F7556}") = "Common", "src\Common\Common.csproj", "{265CD971-9A8B-46B5-8571-28A09FCEF726}"
EndProject
Project("{9A19103F-16F7-4668-BE54-9A1E7A4F7556}") = "Authentication", "src\Authentication\Authentication.csproj", "{987EBF59-AC54-4212-AF0A-26B84508A9C3}"
EndProject
Project("{9A19103F-16F7-4668-BE54-9A1E7A4F7556}") = "Authentication.AspNetCore", "src\Authentication.AspNetCore\Authentication.AspNetCore.csproj", "{C1EF38EA-11DF-4C18-ABF7-B7B13065A225}"
EndProject
Project("{9A19103F-16F7-4668-BE54-9A1E7A4F7556}") = "Authentication.Logging", "src\Authentication.Logging\Authentication.Logging.csproj", "{1E3EFA93-49E2-4DFC-9286-1112D853D673}"
EndProject
Project("{9A19103F-16F7-4668-BE54-9A1E7A4F7556}") = "Authorization", "src\Authorization\Authorization.csproj", "{E67739B4-53E7-448B-96B6-7B16CC56CEEF}"
EndProject
Project("{9A19103F-16F7-4668-BE54-9A1E7A4F7556}") = "Authorization.AspNetCore", "src\Authorization.AspNetCore\Authorization.AspNetCore.csproj", "{91795067-0AFB-4083-B6B8-9F7D4D4E2989}"
EndProject
Project("{9A19103F-16F7-4668-BE54-9A1E7A4F7556}") = "Authorization.Logging", "src\Authorization.Logging\Authorization.Logging.csproj", "{84BBDB6D-C338-4960-87A0-A527B2928561}"
EndProject
Project("{9A19103F-16F7-4668-BE54-9A1E7A4F7556}") = "Database.SqlServer", "src\Database.SqlServer\Database.SqlServer.csproj", "{136A46BE-6ED5-4EA9-92B3-3FEFF8B76BF0}"
EndProject
Project("{9A19103F-16F7-4668-BE54-9A1E7A4F7556}") = "Database.SqlServer.Logging", "src\Database.SqlServer.Logging\Database.SqlServer.Logging.csproj", "{32A908DA-974C-4101-9C40-3D21DF206BCA}"
EndProject
Project("{9A19103F-16F7-4668-BE54-9A1E7A4F7556}") = "Database.SqlServer.Migrations", "src\Database.SqlServer.Migrations\Database.SqlServer.Migrations.csproj", "{D7FDED76-2CB3-4C8E-865A-B99E957B78D3}"
EndProject
Project("{2150E333-8FDC-42A3-9474-1A3956D46DE8}") = "21_Authentication", "21_Authentication", "{ABF2DF88-188A-4E54-A1E4-55280CEE4E67}"
EndProject
Project("{9A19103F-16F7-4668-BE54-9A1E7A4F7556}") = "Models", "src\Models\Models.csproj", "{CC06C7EB-3ED7-4659-89E6-F7B4927BD93A}"
EndProject
Project("{9A19103F-16F7-4668-BE54-9A1E7A4F7556}") = "Models.AspNetCore", "src\Models.AspNetCore\Models.AspNetCore.csproj", "{1F22CC61-EE77-41FE-97B0-D49FB8782196}"
EndProject
Project("{9A19103F-16F7-4668-BE54-9A1E7A4F7556}") = "Models.EntityFramework", "src\Models.EntityFramework\Models.EntityFramework.csproj", "{A5E9876D-7EBF-490F-A10E-80669B1F716D}"
EndProject
Project("{9A19103F-16F7-4668-BE54-9A1E7A4F7556}") = "Engine", "src\Engine\Engine.csproj", "{57097126-60C7-41A6-9CF2-6CFEA354564F}"
EndProject
Project("{9A19103F-16F7-4668-BE54-9A1E7A4F7556}") = "Engine.Abstractions", "src\Engine.Abstractions\Engine.Abstractions.csproj", "{D6A61890-7C24-478D-9CBF-A356DF97513A}"
EndProject
Project("{9A19103F-16F7-4668-BE54-9A1E7A4F7556}") = "Features", "src\Features\Features.csproj", "{80A34F5A-F776-414C-9AFE-D10B969D8875}"
EndProject
Project("{9A19103F-16F7-4668-BE54-9A1E7A4F7556}") = "Features.Abstractions", "src\Features.Abstractions\Features.Abstractions.csproj", "{45BF11B5-9D8E-4BDC-B7CF-1B9CFB09B13C}"
EndProject
Project("{9A19103F-16F7-4668-BE54-9A1E7A4F7556}") = "Features.AspNetCore.Abstractions", "src\Features.AspNetCore.Abstractions\Features.AspNetCore.Abstractions.csproj", "{40A06834-3F22-49E8-832B-B40C89436EB6}"
EndProject
Project("{9A19103F-16F7-4668-BE54-9A1E7A4F7556}") = "Features.Tenants.AspNetCore.Mvc", "src\Features.Tenants.AspNetCore.Mvc\Features.Tenants.AspNetCore.Mvc.csproj", "{87EF64A8-3A1E-462A-8DD2-7F33C6E482EE}"
EndProject
Project("{9A19103F-16F7-4668-BE54-9A1E7A4F7556}") = "Features.Tenants.Authorization", "src\Features.Tenants.Authorization\Features.Tenants.Authorization.csproj", "{A89ECDD7-F241-4661-8E12-2CE9D8CEC832}"
EndProject
Project("{9A19103F-16F7-4668-BE54-9A1E7A4F7556}") = "Features.Tenants.Authorization.Abstractions", "src\Features.Tenants.Authorization.Abstractions\Features.Tenants.Authorization.Abstractions.csproj", "{AA0FCF61-C4C2-47AF-A7B3-F0AF6D933B65}"
EndProject
Project("{9A19103F-16F7-4668-BE54-9A1E7A4F7556}") = "Features.Tenants.Authorization.Policies", "src\Features.Tenants.Authorization.Policies\Features.Tenants.Authorization.Policies.csproj", "{2C5CD7F9-E92C-4D6F-B124-4E0B88D486C1}"
EndProject
Project("{9A19103F-16F7-4668-BE54-9A1E7A4F7556}") = "Features.Tenants.Authorization.Requirements", "src\Features.Tenants.Authorization.Requirements\Features.Tenants.Authorization.Requirements.csproj", "{6CC38103-E254-4032-A87F-100FA5F9151D}"
EndProject
Project("{9A19103F-16F7-4668-BE54-9A1E7A4F7556}") = "Features.Tenants.Database.SqlServer.Migrations", "src\Features.Tenants.Database.SqlServer.Migrations\Features.Tenants.Database.SqlServer.Migrations.csproj", "{8287A51A-842D-41BB-8D1A-5CBAE3C99722}"
EndProject
Project("{2150E333-8FDC-42A3-9474-1A3956D46DE8}") = "23_Configuration", "23_Configuration", "{1F6BE5C2-04B5-49F1-8C93-33F2C2AB68F8}"
EndProject
Project("{9A19103F-16F7-4668-BE54-9A1E7A4F7556}") = "Configuration", "src\Configuration\Configuration.csproj", "{2668C844-2AA5-4E2D-A136-C293E83CE37D}"
EndProject
Project("{9A19103F-16F7-4668-BE54-9A1E7A4F7556}") = "Features.Tenants.Engine.Queries", "src\Features.Tenants.Engine.Queries\Features.Tenants.Engine.Queries.csproj", "{21828D0E-8F3F-469A-A113-C7F9549FEDBD}"
EndProject
Project("{2150E333-8FDC-42A3-9474-1A3956D46DE8}") = "52_Tasks", "52_Tasks", "{1C84663F-B479-4624-8B9B-F5700C108018}"
EndProject
Project("{FAE04EC0-301F-11D3-BF4B-00C04F79EFBC}") = "Features.Todos", "src\Features.Todos\Features.Todos.csproj", "{816C7648-1FE9-4A01-AB87-A8E95B5BEBB2}"
EndProject
Project("{9A19103F-16F7-4668-BE54-9A1E7A4F7556}") = "Features.Todos.AspNetCore", "src\Features.Todos.AspNetCore\Features.Todos.AspNetCore.csproj", "{7FB6D42A-6B4A-4805-8EE3-D78156B9C5AF}"
EndProject
Project("{9A19103F-16F7-4668-BE54-9A1E7A4F7556}") = "Features.Tenants", "src\Features.Tenants\Features.Tenants.csproj", "{82E9D4E8-5820-4DAD-9D71-22FD202BF034}"
EndProject
Project("{9A19103F-16F7-4668-BE54-9A1E7A4F7556}") = "HttpApi", "src\HttpApi\HttpApi.csproj", "{839270C6-692C-4409-8F0D-A17477A48611}"
EndProject
Project("{9A19103F-16F7-4668-BE54-9A1E7A4F7556}") = "HttpApi.Sdk", "src\HttpApi.Sdk\HttpApi.Sdk.csproj", "{B39547C6-7A05-4999-9826-CB8CFCCF36D9}"
EndProject
Project("{9A19103F-16F7-4668-BE54-9A1E7A4F7556}") = "Features.Tenants.Engine.Commands", "src\Features.Tenants.Engine.Commands\Features.Tenants.Engine.Commands.csproj", "{9D0259A3-7653-4CC7-8291-837751ADB04F}"
EndProject
Project("{9A19103F-16F7-4668-BE54-9A1E7A4F7556}") = "Features.Tenants.Models", "src\Features.Tenants.Models\Features.Tenants.Models.csproj", "{CC0DB85D-61DE-45FC-BD4A-981BC746D732}"
EndProject
Project("{9A19103F-16F7-4668-BE54-9A1E7A4F7556}") = "Features.Tenants.AspNetCore", "src\Features.Tenants.AspNetCore\Features.Tenants.AspNetCore.csproj", "{C1F74326-BB91-43CA-9A90-BA17B73E1F45}"
EndProject
Global
	GlobalSection(SolutionConfigurationPlatforms) = preSolution
		Debug|Any CPU = Debug|Any CPU
		Release|Any CPU = Release|Any CPU
	EndGlobalSection
	GlobalSection(ProjectConfigurationPlatforms) = postSolution
		{410B1AE3-DA4B-4D75-A58C-859CD41E603B}.Debug|Any CPU.ActiveCfg = Debug|Any CPU
		{410B1AE3-DA4B-4D75-A58C-859CD41E603B}.Debug|Any CPU.Build.0 = Debug|Any CPU
		{410B1AE3-DA4B-4D75-A58C-859CD41E603B}.Release|Any CPU.ActiveCfg = Release|Any CPU
		{410B1AE3-DA4B-4D75-A58C-859CD41E603B}.Release|Any CPU.Build.0 = Release|Any CPU
		{4AD5D67F-87FF-40AE-9674-C356EFE90234}.Debug|Any CPU.ActiveCfg = Debug|Any CPU
		{4AD5D67F-87FF-40AE-9674-C356EFE90234}.Debug|Any CPU.Build.0 = Debug|Any CPU
		{4AD5D67F-87FF-40AE-9674-C356EFE90234}.Release|Any CPU.ActiveCfg = Release|Any CPU
		{4AD5D67F-87FF-40AE-9674-C356EFE90234}.Release|Any CPU.Build.0 = Release|Any CPU
		{265CD971-9A8B-46B5-8571-28A09FCEF726}.Debug|Any CPU.ActiveCfg = Debug|Any CPU
		{265CD971-9A8B-46B5-8571-28A09FCEF726}.Debug|Any CPU.Build.0 = Debug|Any CPU
		{265CD971-9A8B-46B5-8571-28A09FCEF726}.Release|Any CPU.ActiveCfg = Release|Any CPU
		{265CD971-9A8B-46B5-8571-28A09FCEF726}.Release|Any CPU.Build.0 = Release|Any CPU
		{987EBF59-AC54-4212-AF0A-26B84508A9C3}.Debug|Any CPU.ActiveCfg = Debug|Any CPU
		{987EBF59-AC54-4212-AF0A-26B84508A9C3}.Debug|Any CPU.Build.0 = Debug|Any CPU
		{987EBF59-AC54-4212-AF0A-26B84508A9C3}.Release|Any CPU.ActiveCfg = Release|Any CPU
		{987EBF59-AC54-4212-AF0A-26B84508A9C3}.Release|Any CPU.Build.0 = Release|Any CPU
		{C1EF38EA-11DF-4C18-ABF7-B7B13065A225}.Debug|Any CPU.ActiveCfg = Debug|Any CPU
		{C1EF38EA-11DF-4C18-ABF7-B7B13065A225}.Debug|Any CPU.Build.0 = Debug|Any CPU
		{C1EF38EA-11DF-4C18-ABF7-B7B13065A225}.Release|Any CPU.ActiveCfg = Release|Any CPU
		{C1EF38EA-11DF-4C18-ABF7-B7B13065A225}.Release|Any CPU.Build.0 = Release|Any CPU
		{1E3EFA93-49E2-4DFC-9286-1112D853D673}.Debug|Any CPU.ActiveCfg = Debug|Any CPU
		{1E3EFA93-49E2-4DFC-9286-1112D853D673}.Debug|Any CPU.Build.0 = Debug|Any CPU
		{1E3EFA93-49E2-4DFC-9286-1112D853D673}.Release|Any CPU.ActiveCfg = Release|Any CPU
		{1E3EFA93-49E2-4DFC-9286-1112D853D673}.Release|Any CPU.Build.0 = Release|Any CPU
		{E67739B4-53E7-448B-96B6-7B16CC56CEEF}.Debug|Any CPU.ActiveCfg = Debug|Any CPU
		{E67739B4-53E7-448B-96B6-7B16CC56CEEF}.Debug|Any CPU.Build.0 = Debug|Any CPU
		{E67739B4-53E7-448B-96B6-7B16CC56CEEF}.Release|Any CPU.ActiveCfg = Release|Any CPU
		{E67739B4-53E7-448B-96B6-7B16CC56CEEF}.Release|Any CPU.Build.0 = Release|Any CPU
		{91795067-0AFB-4083-B6B8-9F7D4D4E2989}.Debug|Any CPU.ActiveCfg = Debug|Any CPU
		{91795067-0AFB-4083-B6B8-9F7D4D4E2989}.Debug|Any CPU.Build.0 = Debug|Any CPU
		{91795067-0AFB-4083-B6B8-9F7D4D4E2989}.Release|Any CPU.ActiveCfg = Release|Any CPU
		{91795067-0AFB-4083-B6B8-9F7D4D4E2989}.Release|Any CPU.Build.0 = Release|Any CPU
		{84BBDB6D-C338-4960-87A0-A527B2928561}.Debug|Any CPU.ActiveCfg = Debug|Any CPU
		{84BBDB6D-C338-4960-87A0-A527B2928561}.Debug|Any CPU.Build.0 = Debug|Any CPU
		{84BBDB6D-C338-4960-87A0-A527B2928561}.Release|Any CPU.ActiveCfg = Release|Any CPU
		{84BBDB6D-C338-4960-87A0-A527B2928561}.Release|Any CPU.Build.0 = Release|Any CPU
		{136A46BE-6ED5-4EA9-92B3-3FEFF8B76BF0}.Debug|Any CPU.ActiveCfg = Debug|Any CPU
		{136A46BE-6ED5-4EA9-92B3-3FEFF8B76BF0}.Debug|Any CPU.Build.0 = Debug|Any CPU
		{136A46BE-6ED5-4EA9-92B3-3FEFF8B76BF0}.Release|Any CPU.ActiveCfg = Release|Any CPU
		{136A46BE-6ED5-4EA9-92B3-3FEFF8B76BF0}.Release|Any CPU.Build.0 = Release|Any CPU
		{32A908DA-974C-4101-9C40-3D21DF206BCA}.Debug|Any CPU.ActiveCfg = Debug|Any CPU
		{32A908DA-974C-4101-9C40-3D21DF206BCA}.Debug|Any CPU.Build.0 = Debug|Any CPU
		{32A908DA-974C-4101-9C40-3D21DF206BCA}.Release|Any CPU.ActiveCfg = Release|Any CPU
		{32A908DA-974C-4101-9C40-3D21DF206BCA}.Release|Any CPU.Build.0 = Release|Any CPU
		{D7FDED76-2CB3-4C8E-865A-B99E957B78D3}.Debug|Any CPU.ActiveCfg = Debug|Any CPU
		{D7FDED76-2CB3-4C8E-865A-B99E957B78D3}.Debug|Any CPU.Build.0 = Debug|Any CPU
		{D7FDED76-2CB3-4C8E-865A-B99E957B78D3}.Release|Any CPU.ActiveCfg = Release|Any CPU
		{D7FDED76-2CB3-4C8E-865A-B99E957B78D3}.Release|Any CPU.Build.0 = Release|Any CPU
		{CC06C7EB-3ED7-4659-89E6-F7B4927BD93A}.Debug|Any CPU.ActiveCfg = Debug|Any CPU
		{CC06C7EB-3ED7-4659-89E6-F7B4927BD93A}.Debug|Any CPU.Build.0 = Debug|Any CPU
		{CC06C7EB-3ED7-4659-89E6-F7B4927BD93A}.Release|Any CPU.ActiveCfg = Release|Any CPU
		{CC06C7EB-3ED7-4659-89E6-F7B4927BD93A}.Release|Any CPU.Build.0 = Release|Any CPU
		{1F22CC61-EE77-41FE-97B0-D49FB8782196}.Debug|Any CPU.ActiveCfg = Debug|Any CPU
		{1F22CC61-EE77-41FE-97B0-D49FB8782196}.Debug|Any CPU.Build.0 = Debug|Any CPU
		{1F22CC61-EE77-41FE-97B0-D49FB8782196}.Release|Any CPU.ActiveCfg = Release|Any CPU
		{1F22CC61-EE77-41FE-97B0-D49FB8782196}.Release|Any CPU.Build.0 = Release|Any CPU
		{A5E9876D-7EBF-490F-A10E-80669B1F716D}.Debug|Any CPU.ActiveCfg = Debug|Any CPU
		{A5E9876D-7EBF-490F-A10E-80669B1F716D}.Debug|Any CPU.Build.0 = Debug|Any CPU
		{A5E9876D-7EBF-490F-A10E-80669B1F716D}.Release|Any CPU.ActiveCfg = Release|Any CPU
		{A5E9876D-7EBF-490F-A10E-80669B1F716D}.Release|Any CPU.Build.0 = Release|Any CPU
		{57097126-60C7-41A6-9CF2-6CFEA354564F}.Debug|Any CPU.ActiveCfg = Debug|Any CPU
		{57097126-60C7-41A6-9CF2-6CFEA354564F}.Debug|Any CPU.Build.0 = Debug|Any CPU
		{57097126-60C7-41A6-9CF2-6CFEA354564F}.Release|Any CPU.ActiveCfg = Release|Any CPU
		{57097126-60C7-41A6-9CF2-6CFEA354564F}.Release|Any CPU.Build.0 = Release|Any CPU
		{D6A61890-7C24-478D-9CBF-A356DF97513A}.Debug|Any CPU.ActiveCfg = Debug|Any CPU
		{D6A61890-7C24-478D-9CBF-A356DF97513A}.Debug|Any CPU.Build.0 = Debug|Any CPU
		{D6A61890-7C24-478D-9CBF-A356DF97513A}.Release|Any CPU.ActiveCfg = Release|Any CPU
		{D6A61890-7C24-478D-9CBF-A356DF97513A}.Release|Any CPU.Build.0 = Release|Any CPU
		{80A34F5A-F776-414C-9AFE-D10B969D8875}.Debug|Any CPU.ActiveCfg = Debug|Any CPU
		{80A34F5A-F776-414C-9AFE-D10B969D8875}.Debug|Any CPU.Build.0 = Debug|Any CPU
		{80A34F5A-F776-414C-9AFE-D10B969D8875}.Release|Any CPU.ActiveCfg = Release|Any CPU
		{80A34F5A-F776-414C-9AFE-D10B969D8875}.Release|Any CPU.Build.0 = Release|Any CPU
		{45BF11B5-9D8E-4BDC-B7CF-1B9CFB09B13C}.Debug|Any CPU.ActiveCfg = Debug|Any CPU
		{45BF11B5-9D8E-4BDC-B7CF-1B9CFB09B13C}.Debug|Any CPU.Build.0 = Debug|Any CPU
		{45BF11B5-9D8E-4BDC-B7CF-1B9CFB09B13C}.Release|Any CPU.ActiveCfg = Release|Any CPU
		{45BF11B5-9D8E-4BDC-B7CF-1B9CFB09B13C}.Release|Any CPU.Build.0 = Release|Any CPU
		{40A06834-3F22-49E8-832B-B40C89436EB6}.Debug|Any CPU.ActiveCfg = Debug|Any CPU
		{40A06834-3F22-49E8-832B-B40C89436EB6}.Debug|Any CPU.Build.0 = Debug|Any CPU
		{40A06834-3F22-49E8-832B-B40C89436EB6}.Release|Any CPU.ActiveCfg = Release|Any CPU
		{40A06834-3F22-49E8-832B-B40C89436EB6}.Release|Any CPU.Build.0 = Release|Any CPU
		{87EF64A8-3A1E-462A-8DD2-7F33C6E482EE}.Debug|Any CPU.ActiveCfg = Debug|Any CPU
		{87EF64A8-3A1E-462A-8DD2-7F33C6E482EE}.Debug|Any CPU.Build.0 = Debug|Any CPU
		{87EF64A8-3A1E-462A-8DD2-7F33C6E482EE}.Release|Any CPU.ActiveCfg = Release|Any CPU
		{87EF64A8-3A1E-462A-8DD2-7F33C6E482EE}.Release|Any CPU.Build.0 = Release|Any CPU
		{A89ECDD7-F241-4661-8E12-2CE9D8CEC832}.Debug|Any CPU.ActiveCfg = Debug|Any CPU
		{A89ECDD7-F241-4661-8E12-2CE9D8CEC832}.Debug|Any CPU.Build.0 = Debug|Any CPU
		{A89ECDD7-F241-4661-8E12-2CE9D8CEC832}.Release|Any CPU.ActiveCfg = Release|Any CPU
		{A89ECDD7-F241-4661-8E12-2CE9D8CEC832}.Release|Any CPU.Build.0 = Release|Any CPU
		{AA0FCF61-C4C2-47AF-A7B3-F0AF6D933B65}.Debug|Any CPU.ActiveCfg = Debug|Any CPU
		{AA0FCF61-C4C2-47AF-A7B3-F0AF6D933B65}.Debug|Any CPU.Build.0 = Debug|Any CPU
		{AA0FCF61-C4C2-47AF-A7B3-F0AF6D933B65}.Release|Any CPU.ActiveCfg = Release|Any CPU
		{AA0FCF61-C4C2-47AF-A7B3-F0AF6D933B65}.Release|Any CPU.Build.0 = Release|Any CPU
		{2C5CD7F9-E92C-4D6F-B124-4E0B88D486C1}.Debug|Any CPU.ActiveCfg = Debug|Any CPU
		{2C5CD7F9-E92C-4D6F-B124-4E0B88D486C1}.Debug|Any CPU.Build.0 = Debug|Any CPU
		{2C5CD7F9-E92C-4D6F-B124-4E0B88D486C1}.Release|Any CPU.ActiveCfg = Release|Any CPU
		{2C5CD7F9-E92C-4D6F-B124-4E0B88D486C1}.Release|Any CPU.Build.0 = Release|Any CPU
		{6CC38103-E254-4032-A87F-100FA5F9151D}.Debug|Any CPU.ActiveCfg = Debug|Any CPU
		{6CC38103-E254-4032-A87F-100FA5F9151D}.Debug|Any CPU.Build.0 = Debug|Any CPU
		{6CC38103-E254-4032-A87F-100FA5F9151D}.Release|Any CPU.ActiveCfg = Release|Any CPU
		{6CC38103-E254-4032-A87F-100FA5F9151D}.Release|Any CPU.Build.0 = Release|Any CPU
		{8287A51A-842D-41BB-8D1A-5CBAE3C99722}.Debug|Any CPU.ActiveCfg = Debug|Any CPU
		{8287A51A-842D-41BB-8D1A-5CBAE3C99722}.Debug|Any CPU.Build.0 = Debug|Any CPU
		{8287A51A-842D-41BB-8D1A-5CBAE3C99722}.Release|Any CPU.ActiveCfg = Release|Any CPU
		{8287A51A-842D-41BB-8D1A-5CBAE3C99722}.Release|Any CPU.Build.0 = Release|Any CPU
		{2668C844-2AA5-4E2D-A136-C293E83CE37D}.Debug|Any CPU.ActiveCfg = Debug|Any CPU
		{2668C844-2AA5-4E2D-A136-C293E83CE37D}.Debug|Any CPU.Build.0 = Debug|Any CPU
		{2668C844-2AA5-4E2D-A136-C293E83CE37D}.Release|Any CPU.ActiveCfg = Release|Any CPU
		{2668C844-2AA5-4E2D-A136-C293E83CE37D}.Release|Any CPU.Build.0 = Release|Any CPU
		{21828D0E-8F3F-469A-A113-C7F9549FEDBD}.Debug|Any CPU.ActiveCfg = Debug|Any CPU
		{21828D0E-8F3F-469A-A113-C7F9549FEDBD}.Debug|Any CPU.Build.0 = Debug|Any CPU
		{21828D0E-8F3F-469A-A113-C7F9549FEDBD}.Release|Any CPU.ActiveCfg = Release|Any CPU
		{21828D0E-8F3F-469A-A113-C7F9549FEDBD}.Release|Any CPU.Build.0 = Release|Any CPU
		{816C7648-1FE9-4A01-AB87-A8E95B5BEBB2}.Debug|Any CPU.ActiveCfg = Debug|Any CPU
		{816C7648-1FE9-4A01-AB87-A8E95B5BEBB2}.Debug|Any CPU.Build.0 = Debug|Any CPU
		{816C7648-1FE9-4A01-AB87-A8E95B5BEBB2}.Release|Any CPU.ActiveCfg = Release|Any CPU
		{816C7648-1FE9-4A01-AB87-A8E95B5BEBB2}.Release|Any CPU.Build.0 = Release|Any CPU
		{7FB6D42A-6B4A-4805-8EE3-D78156B9C5AF}.Debug|Any CPU.ActiveCfg = Debug|Any CPU
		{7FB6D42A-6B4A-4805-8EE3-D78156B9C5AF}.Debug|Any CPU.Build.0 = Debug|Any CPU
		{7FB6D42A-6B4A-4805-8EE3-D78156B9C5AF}.Release|Any CPU.ActiveCfg = Release|Any CPU
		{7FB6D42A-6B4A-4805-8EE3-D78156B9C5AF}.Release|Any CPU.Build.0 = Release|Any CPU
		{82E9D4E8-5820-4DAD-9D71-22FD202BF034}.Debug|Any CPU.ActiveCfg = Debug|Any CPU
		{82E9D4E8-5820-4DAD-9D71-22FD202BF034}.Debug|Any CPU.Build.0 = Debug|Any CPU
		{82E9D4E8-5820-4DAD-9D71-22FD202BF034}.Release|Any CPU.ActiveCfg = Release|Any CPU
		{82E9D4E8-5820-4DAD-9D71-22FD202BF034}.Release|Any CPU.Build.0 = Release|Any CPU
		{839270C6-692C-4409-8F0D-A17477A48611}.Debug|Any CPU.ActiveCfg = Debug|Any CPU
		{839270C6-692C-4409-8F0D-A17477A48611}.Debug|Any CPU.Build.0 = Debug|Any CPU
		{839270C6-692C-4409-8F0D-A17477A48611}.Release|Any CPU.ActiveCfg = Release|Any CPU
		{839270C6-692C-4409-8F0D-A17477A48611}.Release|Any CPU.Build.0 = Release|Any CPU
		{B39547C6-7A05-4999-9826-CB8CFCCF36D9}.Debug|Any CPU.ActiveCfg = Debug|Any CPU
		{B39547C6-7A05-4999-9826-CB8CFCCF36D9}.Debug|Any CPU.Build.0 = Debug|Any CPU
		{B39547C6-7A05-4999-9826-CB8CFCCF36D9}.Release|Any CPU.ActiveCfg = Release|Any CPU
		{B39547C6-7A05-4999-9826-CB8CFCCF36D9}.Release|Any CPU.Build.0 = Release|Any CPU
		{9D0259A3-7653-4CC7-8291-837751ADB04F}.Debug|Any CPU.ActiveCfg = Debug|Any CPU
		{9D0259A3-7653-4CC7-8291-837751ADB04F}.Debug|Any CPU.Build.0 = Debug|Any CPU
		{9D0259A3-7653-4CC7-8291-837751ADB04F}.Release|Any CPU.ActiveCfg = Release|Any CPU
		{9D0259A3-7653-4CC7-8291-837751ADB04F}.Release|Any CPU.Build.0 = Release|Any CPU
		{CC0DB85D-61DE-45FC-BD4A-981BC746D732}.Debug|Any CPU.ActiveCfg = Debug|Any CPU
		{CC0DB85D-61DE-45FC-BD4A-981BC746D732}.Debug|Any CPU.Build.0 = Debug|Any CPU
		{CC0DB85D-61DE-45FC-BD4A-981BC746D732}.Release|Any CPU.ActiveCfg = Release|Any CPU
		{CC0DB85D-61DE-45FC-BD4A-981BC746D732}.Release|Any CPU.Build.0 = Release|Any CPU
		{C1F74326-BB91-43CA-9A90-BA17B73E1F45}.Debug|Any CPU.ActiveCfg = Debug|Any CPU
		{C1F74326-BB91-43CA-9A90-BA17B73E1F45}.Debug|Any CPU.Build.0 = Debug|Any CPU
		{C1F74326-BB91-43CA-9A90-BA17B73E1F45}.Release|Any CPU.ActiveCfg = Release|Any CPU
		{C1F74326-BB91-43CA-9A90-BA17B73E1F45}.Release|Any CPU.Build.0 = Release|Any CPU
	EndGlobalSection
	GlobalSection(SolutionProperties) = preSolution
		HideSolutionNode = FALSE
	EndGlobalSection
	GlobalSection(NestedProjects) = preSolution
		{49D8533A-ECA3-4271-A63E-E4826EBCC133} = {29624DB0-1EDA-40A0-A4C3-033203CB356D}
		{19BC7D0C-E16A-4696-981F-A3653E59827A} = {29624DB0-1EDA-40A0-A4C3-033203CB356D}
		{43848634-8C02-4E88-B578-F0470D89C15F} = {29624DB0-1EDA-40A0-A4C3-033203CB356D}
		{B0263D69-2544-43EC-8199-7F28436B1009} = {29624DB0-1EDA-40A0-A4C3-033203CB356D}
		{33DFA42C-EBE2-4132-B2B9-96B1D9226F45} = {29624DB0-1EDA-40A0-A4C3-033203CB356D}
		{AFA173BF-3D35-4275-B12E-7D7DD043A73F} = {29624DB0-1EDA-40A0-A4C3-033203CB356D}
		{954CF493-CF0F-4BBA-81CA-33AC7C977CC5} = {29624DB0-1EDA-40A0-A4C3-033203CB356D}
		{14753EFB-19C8-4425-AAE7-3B016D2239C2} = {29624DB0-1EDA-40A0-A4C3-033203CB356D}
		{410B1AE3-DA4B-4D75-A58C-859CD41E603B} = {19BC7D0C-E16A-4696-981F-A3653E59827A}
		{4AD5D67F-87FF-40AE-9674-C356EFE90234} = {19BC7D0C-E16A-4696-981F-A3653E59827A}
		{265CD971-9A8B-46B5-8571-28A09FCEF726} = {B0263D69-2544-43EC-8199-7F28436B1009}
		{987EBF59-AC54-4212-AF0A-26B84508A9C3} = {ABF2DF88-188A-4E54-A1E4-55280CEE4E67}
		{C1EF38EA-11DF-4C18-ABF7-B7B13065A225} = {ABF2DF88-188A-4E54-A1E4-55280CEE4E67}
		{1E3EFA93-49E2-4DFC-9286-1112D853D673} = {ABF2DF88-188A-4E54-A1E4-55280CEE4E67}
		{E67739B4-53E7-448B-96B6-7B16CC56CEEF} = {ABF2DF88-188A-4E54-A1E4-55280CEE4E67}
		{91795067-0AFB-4083-B6B8-9F7D4D4E2989} = {ABF2DF88-188A-4E54-A1E4-55280CEE4E67}
		{84BBDB6D-C338-4960-87A0-A527B2928561} = {ABF2DF88-188A-4E54-A1E4-55280CEE4E67}
		{136A46BE-6ED5-4EA9-92B3-3FEFF8B76BF0} = {954CF493-CF0F-4BBA-81CA-33AC7C977CC5}
		{32A908DA-974C-4101-9C40-3D21DF206BCA} = {954CF493-CF0F-4BBA-81CA-33AC7C977CC5}
		{D7FDED76-2CB3-4C8E-865A-B99E957B78D3} = {954CF493-CF0F-4BBA-81CA-33AC7C977CC5}
		{ABF2DF88-188A-4E54-A1E4-55280CEE4E67} = {29624DB0-1EDA-40A0-A4C3-033203CB356D}
		{CC06C7EB-3ED7-4659-89E6-F7B4927BD93A} = {49D8533A-ECA3-4271-A63E-E4826EBCC133}
		{1F22CC61-EE77-41FE-97B0-D49FB8782196} = {49D8533A-ECA3-4271-A63E-E4826EBCC133}
		{A5E9876D-7EBF-490F-A10E-80669B1F716D} = {49D8533A-ECA3-4271-A63E-E4826EBCC133}
		{57097126-60C7-41A6-9CF2-6CFEA354564F} = {14753EFB-19C8-4425-AAE7-3B016D2239C2}
		{D6A61890-7C24-478D-9CBF-A356DF97513A} = {14753EFB-19C8-4425-AAE7-3B016D2239C2}
		{80A34F5A-F776-414C-9AFE-D10B969D8875} = {33DFA42C-EBE2-4132-B2B9-96B1D9226F45}
		{45BF11B5-9D8E-4BDC-B7CF-1B9CFB09B13C} = {33DFA42C-EBE2-4132-B2B9-96B1D9226F45}
		{40A06834-3F22-49E8-832B-B40C89436EB6} = {33DFA42C-EBE2-4132-B2B9-96B1D9226F45}
		{87EF64A8-3A1E-462A-8DD2-7F33C6E482EE} = {AFA173BF-3D35-4275-B12E-7D7DD043A73F}
		{A89ECDD7-F241-4661-8E12-2CE9D8CEC832} = {AFA173BF-3D35-4275-B12E-7D7DD043A73F}
		{AA0FCF61-C4C2-47AF-A7B3-F0AF6D933B65} = {AFA173BF-3D35-4275-B12E-7D7DD043A73F}
		{2C5CD7F9-E92C-4D6F-B124-4E0B88D486C1} = {AFA173BF-3D35-4275-B12E-7D7DD043A73F}
		{6CC38103-E254-4032-A87F-100FA5F9151D} = {AFA173BF-3D35-4275-B12E-7D7DD043A73F}
		{8287A51A-842D-41BB-8D1A-5CBAE3C99722} = {AFA173BF-3D35-4275-B12E-7D7DD043A73F}
		{1F6BE5C2-04B5-49F1-8C93-33F2C2AB68F8} = {29624DB0-1EDA-40A0-A4C3-033203CB356D}
		{2668C844-2AA5-4E2D-A136-C293E83CE37D} = {1F6BE5C2-04B5-49F1-8C93-33F2C2AB68F8}
		{21828D0E-8F3F-469A-A113-C7F9549FEDBD} = {AFA173BF-3D35-4275-B12E-7D7DD043A73F}
		{1C84663F-B479-4624-8B9B-F5700C108018} = {29624DB0-1EDA-40A0-A4C3-033203CB356D}
		{816C7648-1FE9-4A01-AB87-A8E95B5BEBB2} = {1C84663F-B479-4624-8B9B-F5700C108018}
		{7FB6D42A-6B4A-4805-8EE3-D78156B9C5AF} = {1C84663F-B479-4624-8B9B-F5700C108018}
		{82E9D4E8-5820-4DAD-9D71-22FD202BF034} = {AFA173BF-3D35-4275-B12E-7D7DD043A73F}
		{839270C6-692C-4409-8F0D-A17477A48611} = {43848634-8C02-4E88-B578-F0470D89C15F}
		{B39547C6-7A05-4999-9826-CB8CFCCF36D9} = {43848634-8C02-4E88-B578-F0470D89C15F}
		{9D0259A3-7653-4CC7-8291-837751ADB04F} = {AFA173BF-3D35-4275-B12E-7D7DD043A73F}
		{CC0DB85D-61DE-45FC-BD4A-981BC746D732} = {AFA173BF-3D35-4275-B12E-7D7DD043A73F}
		{C1F74326-BB91-43CA-9A90-BA17B73E1F45} = {AFA173BF-3D35-4275-B12E-7D7DD043A73F}
	EndGlobalSection
	GlobalSection(ExtensibilityGlobals) = postSolution
		SolutionGuid = {9BFCBBF4-DC06-4F80-809B-85432B47CF8D}
	EndGlobalSection
EndGlobal
